{
	"name": "@thedannicraft/wiresense",
	"version": "1.0.6",
	"lockfileVersion": 3,
	"requires": true,
	"packages": {
		"": {
			"name": "@thedannicraft/wiresense",
			"version": "1.0.6",
			"license": "MIT",
			"dependencies": {
				"ws": "^8.18.2"
			},
			"devDependencies": {
				"@types/node": "^20.17.57",
				"@types/ws": "^8.18.1",
				"typescript": "^5.8.3"
			}
		},
		"node_modules/@types/node": {
			"version": "20.17.57",
			"resolved": "https://registry.npmjs.org/@types/node/-/node-20.17.57.tgz",
			"integrity": "sha512-f3T4y6VU4fVQDKVqJV4Uppy8c1p/sVvS3peyqxyWnzkqXFJLRU7Y1Bl7rMS1Qe9z0v4M6McY0Fp9yBsgHJUsWQ==",
			"dev": true,
			"dependencies": {
				"undici-types": "~6.19.2"
			}
		},
		"node_modules/@types/ws": {
			"version": "8.18.1",
			"resolved": "https://registry.npmjs.org/@types/ws/-/ws-8.18.1.tgz",
			"integrity": "sha512-ThVF6DCVhA8kUGy+aazFQ4kXQ7E1Ty7A3ypFOe0IcJV8O/M511G99AW24irKrW56Wt44yG9+ij8FaqoBGkuBXg==",
			"dev": true,
			"dependencies": {
				"@types/node": "*"
			}
		},
		"node_modules/typescript": {
			"version": "5.8.3",
			"resolved": "https://registry.npmjs.org/typescript/-/typescript-5.8.3.tgz",
			"integrity": "sha512-p1diW6TqL9L07nNxvRMM7hMMw4c5XOo/1ibL4aAIGmSAt9slTE1Xgw5KWuof2uTOvCg9BY7ZRi+GaF+7sfgPeQ==",
			"dev": true,
			"bin": {
				"tsc": "bin/tsc",
				"tsserver": "bin/tsserver"
			},
			"engines": {
				"node": ">=14.17"
			}
		},
		"node_modules/undici-types": {
			"version": "6.19.6",
			"resolved": "https://registry.npmjs.org/undici-types/-/undici-types-6.19.6.tgz",
			"integrity": "sha512-e/vggGopEfTKSvj4ihnOLTsqhrKRN3LeO6qSN/GxohhuRv8qH9bNQ4B8W7e/vFL+0XTnmHPB4/kegunZGA4Org==",
			"dev": true
		},
		"node_modules/ws": {
			"version": "8.18.2",
			"resolved": "https://registry.npmjs.org/ws/-/ws-8.18.2.tgz",
			"integrity": "sha512-DMricUmwGZUVr++AEAe2uiVM7UoO9MAVZMDu05UQOaUII0lp+zOzLLU4Xqh/JvTqklB1T4uELaaPBKyjE1r4fQ==",
			"engines": {
				"node": ">=10.0.0"
			},
			"peerDependencies": {
				"bufferutil": "^4.0.1",
				"utf-8-validate": ">=5.0.2"
			},
			"peerDependenciesMeta": {
				"bufferutil": {
					"optional": true
				},
				"utf-8-validate": {
					"optional": true
				}
			}
		}
	}
}
