{
	"name": "@thedannicraft/wiresense",
	"version": "1.0.6",
	"lockfileVersion": 3,
	"requires": true,
	"packages": {
		"": {
			"name": "@thedannicraft/wiresense",
			"version": "1.0.6",
			"license": "MIT",
			"dependencies": {
				"ws": "^8.18.1"
			},
			"devDependencies": {
				"@types/node": "^20.17.24",
				"@types/ws": "^8.18.0",
				"typescript": "^5.8.2"
			}
		},
		"node_modules/@types/node": {
			"version": "20.17.24",
			"resolved": "https://registry.npmjs.org/@types/node/-/node-20.17.24.tgz",
			"integrity": "sha512-d7fGCyB96w9BnWQrOsJtpyiSaBcAYYr75bnK6ZRjDbql2cGLj/3GsL5OYmLPNq76l7Gf2q4Rv9J2o6h5CrD9sA==",
			"dev": true,
			"dependencies": {
				"undici-types": "~6.19.2"
			}
		},
		"node_modules/@types/ws": {
			"version": "8.18.0",
			"resolved": "https://registry.npmjs.org/@types/ws/-/ws-8.18.0.tgz",
			"integrity": "sha512-8svvI3hMyvN0kKCJMvTJP/x6Y/EoQbepff882wL+Sn5QsXb3etnamgrJq4isrBxSJj5L2AuXcI0+bgkoAXGUJw==",
			"dev": true,
			"dependencies": {
				"@types/node": "*"
			}
		},
		"node_modules/typescript": {
			"version": "5.8.2",
			"resolved": "https://registry.npmjs.org/typescript/-/typescript-5.8.2.tgz",
			"integrity": "sha512-aJn6wq13/afZp/jT9QZmwEjDqqvSGp1VT5GVg+f/t6/oVyrgXM6BY1h9BRh/O5p3PlUPAe+WuiEZOmb/49RqoQ==",
			"dev": true,
			"bin": {
				"tsc": "bin/tsc",
				"tsserver": "bin/tsserver"
			},
			"engines": {
				"node": ">=14.17"
			}
		},
		"node_modules/undici-types": {
			"version": "6.19.6",
			"resolved": "https://registry.npmjs.org/undici-types/-/undici-types-6.19.6.tgz",
			"integrity": "sha512-e/vggGopEfTKSvj4ihnOLTsqhrKRN3LeO6qSN/GxohhuRv8qH9bNQ4B8W7e/vFL+0XTnmHPB4/kegunZGA4Org==",
			"dev": true
		},
		"node_modules/ws": {
			"version": "8.18.1",
			"resolved": "https://registry.npmjs.org/ws/-/ws-8.18.1.tgz",
			"integrity": "sha512-RKW2aJZMXeMxVpnZ6bck+RswznaxmzdULiBr6KY7XkTnW8uvt0iT9H5DkHUChXrc+uurzwa0rVI16n/Xzjdz1w==",
			"engines": {
				"node": ">=10.0.0"
			},
			"peerDependencies": {
				"bufferutil": "^4.0.1",
				"utf-8-validate": ">=5.0.2"
			},
			"peerDependenciesMeta": {
				"bufferutil": {
					"optional": true
				},
				"utf-8-validate": {
					"optional": true
				}
			}
		}
	}
}
